
Microsoft Visual Studio Solution File, Format Version 12.00
# Visual Studio Version 17
VisualStudioVersion = 17.1.32407.343
MinimumVisualStudioVersion = 10.0.40219.1
Project("{9A19103F-16F7-4668-BE54-9A1E7A4F7556}") = "MyLab.ProtocolStorage", "MyLab.ProtocolStorage\MyLab.ProtocolStorage.csproj", "{BAA69EBC-A353-420D-959A-E6A546182EB0}"
EndProject
Project("{9A19103F-16F7-4668-BE54-9A1E7A4F7556}") = "IntegrationTests", "IntegrationTests\IntegrationTests.csproj", "{38A85D0D-5AE1-4837-BA6D-8EB5030522DE}"
EndProject
Project("{9A19103F-16F7-4668-BE54-9A1E7A4F7556}") = "MyLab.ProtocolStorage.Client", "MyLab.ProtocolStorage.Client\MyLab.ProtocolStorage.Client.csproj", "{B8A183D0-926D-470D-B1AE-8CFD69669B39}"
EndProject
Project("{9A19103F-16F7-4668-BE54-9A1E7A4F7556}") = "UnitTests", "UnitTests\UnitTests.csproj", "{9A76FBED-9C26-410E-B6EB-1C3D143C3F0F}"
EndProject
Global
	GlobalSection(SolutionConfigurationPlatforms) = preSolution
		Debug|Any CPU = Debug|Any CPU
		Release|Any CPU = Release|Any CPU
	EndGlobalSection
	GlobalSection(ProjectConfigurationPlatforms) = postSolution
		{BAA69EBC-A353-420D-959A-E6A546182EB0}.Debug|Any CPU.ActiveCfg = Debug|Any CPU
		{BAA69EBC-A353-420D-959A-E6A546182EB0}.Debug|Any CPU.Build.0 = Debug|Any CPU
		{BAA69EBC-A353-420D-959A-E6A546182EB0}.Release|Any CPU.ActiveCfg = Release|Any CPU
		{BAA69EBC-A353-420D-959A-E6A546182EB0}.Release|Any CPU.Build.0 = Release|Any CPU
		{38A85D0D-5AE1-4837-BA6D-8EB5030522DE}.Debug|Any CPU.ActiveCfg = Debug|Any CPU
		{38A85D0D-5AE1-4837-BA6D-8EB5030522DE}.Debug|Any CPU.Build.0 = Debug|Any CPU
		{38A85D0D-5AE1-4837-BA6D-8EB5030522DE}.Release|Any CPU.ActiveCfg = Release|Any CPU
		{38A85D0D-5AE1-4837-BA6D-8EB5030522DE}.Release|Any CPU.Build.0 = Release|Any CPU
		{B8A183D0-926D-470D-B1AE-8CFD69669B39}.Debug|Any CPU.ActiveCfg = Debug|Any CPU
		{B8A183D0-926D-470D-B1AE-8CFD69669B39}.Debug|Any CPU.Build.0 = Debug|Any CPU
		{B8A183D0-926D-470D-B1AE-8CFD69669B39}.Release|Any CPU.ActiveCfg = Release|Any CPU
		{B8A183D0-926D-470D-B1AE-8CFD69669B39}.Release|Any CPU.Build.0 = Release|Any CPU
		{9A76FBED-9C26-410E-B6EB-1C3D143C3F0F}.Debug|Any CPU.ActiveCfg = Debug|Any CPU
		{9A76FBED-9C26-410E-B6EB-1C3D143C3F0F}.Debug|Any CPU.Build.0 = Debug|Any CPU
		{9A76FBED-9C26-410E-B6EB-1C3D143C3F0F}.Release|Any CPU.ActiveCfg = Release|Any CPU
		{9A76FBED-9C26-410E-B6EB-1C3D143C3F0F}.Release|Any CPU.Build.0 = Release|Any CPU
	EndGlobalSection
	GlobalSection(SolutionProperties) = preSolution
		HideSolutionNode = FALSE
	EndGlobalSection
	GlobalSection(ExtensibilityGlobals) = postSolution
		SolutionGuid = {6FCDFBC6-8002-4D0B-9A83-10F20C2B4D28}
	EndGlobalSection
EndGlobal
